
Microsoft Visual Studio Solution File, Format Version 12.00
# Visual Studio Version 16
VisualStudioVersion = 16.0.31205.134
MinimumVisualStudioVersion = 10.0.40219.1
Project("{FAE04EC0-301F-11D3-BF4B-00C04F79EFBC}") = "Parameters", "Parameters\Parameters.csproj", "{3C9E9B20-21F4-4E1A-B184-9641B25AF378}"
EndProject
Global
	GlobalSection(SolutionConfigurationPlatforms) = preSolution
		Debug|Any CPU = Debug|Any CPU
		Release|Any CPU = Release|Any CPU
	EndGlobalSection
	GlobalSection(ProjectConfigurationPlatforms) = postSolution
		{3C9E9B20-21F4-4E1A-B184-9641B25AF378}.Debug|Any CPU.ActiveCfg = Debug|Any CPU
		{3C9E9B20-21F4-4E1A-B184-9641B25AF378}.Debug|Any CPU.Build.0 = Debug|Any CPU
		{3C9E9B20-21F4-4E1A-B184-9641B25AF378}.Release|Any CPU.ActiveCfg = Release|Any CPU
		{3C9E9B20-21F4-4E1A-B184-9641B25AF378}.Release|Any CPU.Build.0 = Release|Any CPU
	EndGlobalSection
	GlobalSection(SolutionProperties) = preSolution
		HideSolutionNode = FALSE
	EndGlobalSection
	GlobalSection(ExtensibilityGlobals) = postSolution
		SolutionGuid = {75DA454A-BCC2-4667-834A-2D09F6BE2F7B}
	EndGlobalSection
EndGlobal
